
Microsoft Visual Studio Solution File, Format Version 12.00
# Visual Studio Version 16
VisualStudioVersion = 16.0.29326.143
MinimumVisualStudioVersion = 10.0.40219.1
Project("{FAE04EC0-301F-11D3-BF4B-00C04F79EFBC}") = "GenSelectSort", "GenSelectSort\GenSelectSort.csproj", "{521AF61E-E354-46B3-962A-2758EACF9014}"
EndProject
Global
	GlobalSection(SolutionConfigurationPlatforms) = preSolution
		Debug|Any CPU = Debug|Any CPU
		Release|Any CPU = Release|Any CPU
	EndGlobalSection
	GlobalSection(ProjectConfigurationPlatforms) = postSolution
		{521AF61E-E354-46B3-962A-2758EACF9014}.Debug|Any CPU.ActiveCfg = Debug|Any CPU
		{521AF61E-E354-46B3-962A-2758EACF9014}.Debug|Any CPU.Build.0 = Debug|Any CPU
		{521AF61E-E354-46B3-962A-2758EACF9014}.Release|Any CPU.ActiveCfg = Release|Any CPU
		{521AF61E-E354-46B3-962A-2758EACF9014}.Release|Any CPU.Build.0 = Release|Any CPU
	EndGlobalSection
	GlobalSection(SolutionProperties) = preSolution
		HideSolutionNode = FALSE
	EndGlobalSection
	GlobalSection(ExtensibilityGlobals) = postSolution
		SolutionGuid = {32C24BB2-6F88-4684-B3F8-CE658D66B2B4}
	EndGlobalSection
EndGlobal
